
Microsoft Visual Studio Solution File, Format Version 12.00
# Visual Studio Version 16
VisualStudioVersion = 16.0.29230.47
MinimumVisualStudioVersion = 10.0.40219.1
Project("{FAE04EC0-301F-11D3-BF4B-00C04F79EFBC}") = "Введение в программирование Лаба № 1 задание 3", "Введение в программирование Лаба № 1 задание 3\Введение в программирование Лаба № 1 задание 3.csproj", "{8281BBEC-3529-408D-A46B-1596C70CDBD4}"
EndProject
Global
	GlobalSection(SolutionConfigurationPlatforms) = preSolution
		Debug|Any CPU = Debug|Any CPU
		Release|Any CPU = Release|Any CPU
	EndGlobalSection
	GlobalSection(ProjectConfigurationPlatforms) = postSolution
		{8281BBEC-3529-408D-A46B-1596C70CDBD4}.Debug|Any CPU.ActiveCfg = Debug|Any CPU
		{8281BBEC-3529-408D-A46B-1596C70CDBD4}.Debug|Any CPU.Build.0 = Debug|Any CPU
		{8281BBEC-3529-408D-A46B-1596C70CDBD4}.Release|Any CPU.ActiveCfg = Release|Any CPU
		{8281BBEC-3529-408D-A46B-1596C70CDBD4}.Release|Any CPU.Build.0 = Release|Any CPU
	EndGlobalSection
	GlobalSection(SolutionProperties) = preSolution
		HideSolutionNode = FALSE
	EndGlobalSection
	GlobalSection(ExtensibilityGlobals) = postSolution
		SolutionGuid = {9EF7C7F3-BCFF-4C08-9955-C9AD48138949}
	EndGlobalSection
EndGlobal
